// !$*UTF8*$!
{
	archiveVersion = 1;
	classes = {
	};
	objectVersion = 56;
	objects = {

/* Begin PBXBuildFile section */
		1F1E9B2E280E0800005E9D00 /* AppDelegate.swift in Sources */ = {isa = PBXBuildFile; fileRef = 1F1E9B2D280E0800005E9D00 /* AppDelegate.swift */; };
		1F1E9B30280E0800005E9D00 /* SceneDelegate.swift in Sources */ = {isa = PBXBuildFile; fileRef = 1F1E9B2F280E0800005E9D00 /* SceneDelegate.swift */; };
		1F1E9B35280E0800005E9D00 /* Main.storyboard in Resources */ = {isa = PBXBuildFile; fileRef = 1F1E9B33280E0800005E9D00 /* Main.storyboard */; };
		1F1E9B37280E0804005E9D00 /* Assets.xcassets in Resources */ = {isa = PBXBuildFile; fileRef = 1F1E9B36280E0804005E9D00 /* Assets.xcassets */; };
		1F1E9B3A280E0804005E9D00 /* LaunchScreen.storyboard in Resources */ = {isa = PBXBuildFile; fileRef = 1F1E9B38280E0804005E9D00 /* LaunchScreen.storyboard */; };
		1F81D00A282AE900002B3514 /* README.md in Resources */ = {isa = PBXBuildFile; fileRef = 1F81D009282AE900002B3514 /* README.md */; };
		370431BA28164FD500620F6A /* HostingControllerExample.swift in Sources */ = {isa = PBXBuildFile; fileRef = 370431B928164FD500620F6A /* HostingControllerExample.swift */; };
		370431BC2816597800620F6A /* HostingConfigurationExample.swift in Sources */ = {isa = PBXBuildFile; fileRef = 370431BB2816597800620F6A /* HostingConfigurationExample.swift */; };
		378BDE22280FC9F000A907C3 /* MainMenuViewController.swift in Sources */ = {isa = PBXBuildFile; fileRef = 378BDE16280FC9F000A907C3 /* MainMenuViewController.swift */; };
		378BDE26280FC9F000A907C3 /* CellDataFlowExample.swift in Sources */ = {isa = PBXBuildFile; fileRef = 378BDE1D280FC9F000A907C3 /* CellDataFlowExample.swift */; };
		4A4F30922825901600E1226D /* SleepCellView.swift in Sources */ = {isa = PBXBuildFile; fileRef = 4A4F30912825901600E1226D /* SleepCellView.swift */; };
		4A4F30942825902500E1226D /* HeartRateCellView.swift in Sources */ = {isa = PBXBuildFile; fileRef = 4A4F30932825902500E1226D /* HeartRateCellView.swift */; };
		4A588A2D2825989A00D83CD7 /* StepCountCellView.swift in Sources */ = {isa = PBXBuildFile; fileRef = 4A588A2C2825989A00D83CD7 /* StepCountCellView.swift */; };
		4AF5208F2825C22D0070A0B4 /* HealthCategoryCellView.swift in Sources */ = {isa = PBXBuildFile; fileRef = 4AF5208E2825C22D0070A0B4 /* HealthCategoryCellView.swift */; };
/* End PBXBuildFile section */

/* Begin PBXFileReference section */
		1F1E9B2A280E0800005E9D00 /* UseSwiftUIWithUIKit.app */ = {isa = PBXFileReference; explicitFileType = wrapper.application; includeInIndex = 0; path = UseSwiftUIWithUIKit.app; sourceTree = BUILT_PRODUCTS_DIR; };
		1F1E9B2D280E0800005E9D00 /* AppDelegate.swift */ = {isa = PBXFileReference; lastKnownFileType = sourcecode.swift; path = AppDelegate.swift; sourceTree = "<group>"; };
		1F1E9B2F280E0800005E9D00 /* SceneDelegate.swift */ = {isa = PBXFileReference; lastKnownFileType = sourcecode.swift; path = SceneDelegate.swift; sourceTree = "<group>"; };
		1F1E9B34280E0800005E9D00 /* Base */ = {isa = PBXFileReference; lastKnownFileType = file.storyboard; name = Base; path = Base.lproj/Main.storyboard; sourceTree = "<group>"; };
		1F1E9B36280E0804005E9D00 /* Assets.xcassets */ = {isa = PBXFileReference; lastKnownFileType = folder.assetcatalog; path = Assets.xcassets; sourceTree = "<group>"; };
		1F1E9B39280E0804005E9D00 /* Base */ = {isa = PBXFileReference; lastKnownFileType = file.storyboard; name = Base; path = Base.lproj/LaunchScreen.storyboard; sourceTree = "<group>"; };
		1F1E9B3B280E0804005E9D00 /* Info.plist */ = {isa = PBXFileReference; lastKnownFileType = text.plist.xml; path = Info.plist; sourceTree = "<group>"; };
		1F81D009282AE900002B3514 /* README.md */ = {isa = PBXFileReference; fileEncoding = 4; lastKnownFileType = net.daringfireball.markdown; path = README.md; sourceTree = "<group>"; };
		2AB74D33980095BD1D0693F8 /* SampleCode.xcconfig */ = {isa = PBXFileReference; name = SampleCode.xcconfig; path = Configuration/SampleCode.xcconfig; sourceTree = "<group>"; };
		370431B928164FD500620F6A /* HostingControllerExample.swift */ = {isa = PBXFileReference; fileEncoding = 4; lastKnownFileType = sourcecode.swift; path = HostingControllerExample.swift; sourceTree = "<group>"; };
		370431BB2816597800620F6A /* HostingConfigurationExample.swift */ = {isa = PBXFileReference; fileEncoding = 4; lastKnownFileType = sourcecode.swift; path = HostingConfigurationExample.swift; sourceTree = "<group>"; };
		378BDE16280FC9F000A907C3 /* MainMenuViewController.swift */ = {isa = PBXFileReference; fileEncoding = 4; lastKnownFileType = sourcecode.swift; path = MainMenuViewController.swift; sourceTree = "<group>"; };
		378BDE1D280FC9F000A907C3 /* CellDataFlowExample.swift */ = {isa = PBXFileReference; fileEncoding = 4; lastKnownFileType = sourcecode.swift; path = CellDataFlowExample.swift; sourceTree = "<group>"; };
		4A4F30912825901600E1226D /* SleepCellView.swift */ = {isa = PBXFileReference; lastKnownFileType = sourcecode.swift; path = SleepCellView.swift; sourceTree = "<group>"; };
		4A4F30932825902500E1226D /* HeartRateCellView.swift */ = {isa = PBXFileReference; lastKnownFileType = sourcecode.swift; path = HeartRateCellView.swift; sourceTree = "<group>"; };
		4A588A2C2825989A00D83CD7 /* StepCountCellView.swift */ = {isa = PBXFileReference; lastKnownFileType = sourcecode.swift; path = StepCountCellView.swift; sourceTree = "<group>"; };
		4AF5208E2825C22D0070A0B4 /* HealthCategoryCellView.swift */ = {isa = PBXFileReference; lastKnownFileType = sourcecode.swift; path = HealthCategoryCellView.swift; sourceTree = "<group>"; };
		F58B8407E60C6481F21C0972 /* LICENSE.txt */ = {isa = PBXFileReference; includeInIndex = 1; path = LICENSE.txt; sourceTree = "<group>"; };
/* End PBXFileReference section */

/* Begin PBXFrameworksBuildPhase section */
		1F1E9B27280E0800005E9D00 /* Frameworks */ = {
			isa = PBXFrameworksBuildPhase;
			buildActionMask = 2147483647;
			files = (
			);
			runOnlyForDeploymentPostprocessing = 0;
		};
/* End PBXFrameworksBuildPhase section */

/* Begin PBXGroup section */
		1F1E9B21280E0800005E9D00 = {
			isa = PBXGroup;
			children = (
				1F81D009282AE900002B3514 /* README.md */,
				1F1E9B2C280E0800005E9D00 /* UseSwiftUIWithUIKit */,
				1F1E9B2B280E0800005E9D00 /* Products */,
				C70A7DEAEF12ABF0638A50F8 /* Configuration */,
				F9CF996D80FB6E0043844485 /* LICENSE */,
			);
			sourceTree = "<group>";
		};
		1F1E9B2B280E0800005E9D00 /* Products */ = {
			isa = PBXGroup;
			children = (
				1F1E9B2A280E0800005E9D00 /* UseSwiftUIWithUIKit.app */,
			);
			name = Products;
			sourceTree = "<group>";
		};
		1F1E9B2C280E0800005E9D00 /* UseSwiftUIWithUIKit */ = {
			isa = PBXGroup;
			children = (
				1F1E9B2D280E0800005E9D00 /* AppDelegate.swift */,
				1F1E9B2F280E0800005E9D00 /* SceneDelegate.swift */,
				378BDE16280FC9F000A907C3 /* MainMenuViewController.swift */,
				378BDE17280FC9F000A907C3 /* Examples */,
				1F1E9B33280E0800005E9D00 /* Main.storyboard */,
				1F1E9B36280E0804005E9D00 /* Assets.xcassets */,
				1F1E9B38280E0804005E9D00 /* LaunchScreen.storyboard */,
				1F1E9B3B280E0804005E9D00 /* Info.plist */,
			);
			path = UseSwiftUIWithUIKit;
			sourceTree = "<group>";
		};
		370701DC2839ABDC00B3A564 /* SwiftUI View Controllers */ = {
			isa = PBXGroup;
			children = (
				370431B928164FD500620F6A /* HostingControllerExample.swift */,
			);
			path = "SwiftUI View Controllers";
			sourceTree = "<group>";
		};
		370701DD2839ABE700B3A564 /* SwiftUI in Cells */ = {
			isa = PBXGroup;
			children = (
				370431BB2816597800620F6A /* HostingConfigurationExample.swift */,
				4AAD1BC42817585500C07366 /* SwiftUI Views */,
			);
			path = "SwiftUI in Cells";
			sourceTree = "<group>";
		};
		370701DE2839ABF600B3A564 /* Data Flow with SwiftUI Cells */ = {
			isa = PBXGroup;
			children = (
				378BDE1D280FC9F000A907C3 /* CellDataFlowExample.swift */,
			);
			path = "Data Flow with SwiftUI Cells";
			sourceTree = "<group>";
		};
		378BDE17280FC9F000A907C3 /* Examples */ = {
			isa = PBXGroup;
			children = (
				370701DC2839ABDC00B3A564 /* SwiftUI View Controllers */,
				370701DD2839ABE700B3A564 /* SwiftUI in Cells */,
				370701DE2839ABF600B3A564 /* Data Flow with SwiftUI Cells */,
			);
			path = Examples;
			sourceTree = "<group>";
		};
		4AAD1BC42817585500C07366 /* SwiftUI Views */ = {
			isa = PBXGroup;
			children = (
				4A4F30932825902500E1226D /* HeartRateCellView.swift */,
				4AF5208E2825C22D0070A0B4 /* HealthCategoryCellView.swift */,
				4A4F30912825901600E1226D /* SleepCellView.swift */,
				4A588A2C2825989A00D83CD7 /* StepCountCellView.swift */,
			);
			path = "SwiftUI Views";
			sourceTree = "<group>";
		};
		C70A7DEAEF12ABF0638A50F8 /* Configuration */ = {
			isa = PBXGroup;
			children = (
				2AB74D33980095BD1D0693F8 /* SampleCode.xcconfig */,
			);
			name = Configuration;
			sourceTree = "<group>";
		};
		F9CF996D80FB6E0043844485 /* LICENSE */ = {
			isa = PBXGroup;
			children = (
				F58B8407E60C6481F21C0972 /* LICENSE.txt */,
			);
			name = LICENSE;
			path = LICENSE;
			sourceTree = "<group>";
		};
/* End PBXGroup section */

/* Begin PBXNativeTarget section */
		1F1E9B29280E0800005E9D00 /* UseSwiftUIWithUIKit */ = {
			isa = PBXNativeTarget;
			buildConfigurationList = 1F1E9B3E280E0804005E9D00 /* Build configuration list for PBXNativeTarget "UseSwiftUIWithUIKit" */;
			buildPhases = (
				1F1E9B26280E0800005E9D00 /* Sources */,
				1F1E9B27280E0800005E9D00 /* Frameworks */,
				1F1E9B28280E0800005E9D00 /* Resources */,
			);
			buildRules = (
			);
			dependencies = (
			);
			name = UseSwiftUIWithUIKit;
			productName = SwiftUIInUIKit;
			productReference = 1F1E9B2A280E0800005E9D00 /* UseSwiftUIWithUIKit.app */;
			productType = "com.apple.product-type.application";
		};
/* End PBXNativeTarget section */

/* Begin PBXProject section */
		1F1E9B22280E0800005E9D00 /* Project object */ = {
			isa = PBXProject;
			attributes = {
				BuildIndependentTargetsInParallel = 1;
				LastSwiftUpdateCheck = 1400;
				LastUpgradeCheck = 1400;
				ORGANIZATIONNAME = Apple;
				TargetAttributes = {
					1F1E9B29280E0800005E9D00 = {
						CreatedOnToolsVersion = 14.0;
					};
				};
			};
			buildConfigurationList = 1F1E9B25280E0800005E9D00 /* Build configuration list for PBXProject "UseSwiftUIWithUIKit" */;
			compatibilityVersion = "Xcode 14.0";
			developmentRegion = en;
			hasScannedForEncodings = 0;
			knownRegions = (
				en,
				Base,
			);
			mainGroup = 1F1E9B21280E0800005E9D00;
			productRefGroup = 1F1E9B2B280E0800005E9D00 /* Products */;
			projectDirPath = "";
			projectRoot = "";
			targets = (
				1F1E9B29280E0800005E9D00 /* UseSwiftUIWithUIKit */,
			);
		};
/* End PBXProject section */

/* Begin PBXResourcesBuildPhase section */
		1F1E9B28280E0800005E9D00 /* Resources */ = {
			isa = PBXResourcesBuildPhase;
			buildActionMask = 2147483647;
			files = (
				1F1E9B3A280E0804005E9D00 /* LaunchScreen.storyboard in Resources */,
				1F1E9B37280E0804005E9D00 /* Assets.xcassets in Resources */,
				1F81D00A282AE900002B3514 /* README.md in Resources */,
				1F1E9B35280E0800005E9D00 /* Main.storyboard in Resources */,
			);
			runOnlyForDeploymentPostprocessing = 0;
		};
/* End PBXResourcesBuildPhase section */

/* Begin PBXSourcesBuildPhase section */
		1F1E9B26280E0800005E9D00 /* Sources */ = {
			isa = PBXSourcesBuildPhase;
			buildActionMask = 2147483647;
			files = (
				378BDE22280FC9F000A907C3 /* MainMenuViewController.swift in Sources */,
				378BDE26280FC9F000A907C3 /* CellDataFlowExample.swift in Sources */,
				4A4F30922825901600E1226D /* SleepCellView.swift in Sources */,
				4A4F30942825902500E1226D /* HeartRateCellView.swift in Sources */,
				370431BA28164FD500620F6A /* HostingControllerExample.swift in Sources */,
				1F1E9B2E280E0800005E9D00 /* AppDelegate.swift in Sources */,
				4A588A2D2825989A00D83CD7 /* StepCountCellView.swift in Sources */,
				4AF5208F2825C22D0070A0B4 /* HealthCategoryCellView.swift in Sources */,
				370431BC2816597800620F6A /* HostingConfigurationExample.swift in Sources */,
				1F1E9B30280E0800005E9D00 /* SceneDelegate.swift in Sources */,
			);
			runOnlyForDeploymentPostprocessing = 0;
		};
/* End PBXSourcesBuildPhase section */

/* Begin PBXVariantGroup section */
		1F1E9B33280E0800005E9D00 /* Main.storyboard */ = {
			isa = PBXVariantGroup;
			children = (
				1F1E9B34280E0800005E9D00 /* Base */,
			);
			name = Main.storyboard;
			sourceTree = "<group>";
		};
		1F1E9B38280E0804005E9D00 /* LaunchScreen.storyboard */ = {
			isa = PBXVariantGroup;
			children = (
				1F1E9B39280E0804005E9D00 /* Base */,
			);
			name = LaunchScreen.storyboard;
			sourceTree = "<group>";
		};
/* End PBXVariantGroup section */

/* Begin XCBuildConfiguration section */
		1F1E9B3C280E0804005E9D00 /* Debug */ = {
			isa = XCBuildConfiguration;
			baseConfigurationReference = 2AB74D33980095BD1D0693F8 /* SampleCode.xcconfig */;
			buildSettings = {
				ALWAYS_SEARCH_USER_PATHS = NO;
				CLANG_ANALYZER_NONNULL = YES;
				CLANG_ANALYZER_NUMBER_OBJECT_CONVERSION = YES_AGGRESSIVE;
				CLANG_CXX_LANGUAGE_STANDARD = "gnu++17";
				CLANG_ENABLE_MODULES = YES;
				CLANG_ENABLE_OBJC_ARC = YES;
				CLANG_ENABLE_OBJC_WEAK = YES;
				CLANG_WARN_BLOCK_CAPTURE_AUTORELEASING = YES;
				CLANG_WARN_BOOL_CONVERSION = YES;
				CLANG_WARN_COMMA = YES;
				CLANG_WARN_CONSTANT_CONVERSION = YES;
				CLANG_WARN_DEPRECATED_OBJC_IMPLEMENTATIONS = YES;
				CLANG_WARN_DIRECT_OBJC_ISA_USAGE = YES_ERROR;
				CLANG_WARN_DOCUMENTATION_COMMENTS = YES;
				CLANG_WARN_EMPTY_BODY = YES;
				CLANG_WARN_ENUM_CONVERSION = YES;
				CLANG_WARN_INFINITE_RECURSION = YES;
				CLANG_WARN_INT_CONVERSION = YES;
				CLANG_WARN_NON_LITERAL_NULL_CONVERSION = YES;
				CLANG_WARN_OBJC_IMPLICIT_RETAIN_SELF = YES;
				CLANG_WARN_OBJC_LITERAL_CONVERSION = YES;
				CLANG_WARN_OBJC_ROOT_CLASS = YES_ERROR;
				CLANG_WARN_QUOTED_INCLUDE_IN_FRAMEWORK_HEADER = YES;
				CLANG_WARN_RANGE_LOOP_ANALYSIS = YES;
				CLANG_WARN_STRICT_PROTOTYPES = YES;
				CLANG_WARN_SUSPICIOUS_MOVE = YES;
				CLANG_WARN_UNGUARDED_AVAILABILITY = YES_AGGRESSIVE;
				CLANG_WARN_UNREACHABLE_CODE = YES;
				CLANG_WARN__DUPLICATE_METHOD_MATCH = YES;
				COPY_PHASE_STRIP = NO;
				DEBUG_INFORMATION_FORMAT = dwarf;
				ENABLE_STRICT_OBJC_MSGSEND = YES;
				ENABLE_TESTABILITY = YES;
				GCC_C_LANGUAGE_STANDARD = gnu11;
				GCC_DYNAMIC_NO_PIC = NO;
				GCC_NO_COMMON_BLOCKS = YES;
				GCC_OPTIMIZATION_LEVEL = 0;
				GCC_PREPROCESSOR_DEFINITIONS = (
					"DEBUG=1",
					"$(inherited)",
				);
				GCC_WARN_64_TO_32_BIT_CONVERSION = YES;
				GCC_WARN_ABOUT_RETURN_TYPE = YES_ERROR;
				GCC_WARN_UNDECLARED_SELECTOR = YES;
				GCC_WARN_UNINITIALIZED_AUTOS = YES_AGGRESSIVE;
				GCC_WARN_UNUSED_FUNCTION = YES;
				GCC_WARN_UNUSED_VARIABLE = YES;
				IPHONEOS_DEPLOYMENT_TARGET = 16.0;
				MTL_ENABLE_DEBUG_INFO = INCLUDE_SOURCE;
				MTL_FAST_MATH = YES;
				ONLY_ACTIVE_ARCH = YES;
				SDKROOT = iphoneos;
				SWIFT_ACTIVE_COMPILATION_CONDITIONS = DEBUG;
				SWIFT_OPTIMIZATION_LEVEL = "-Onone";
			};
			name = Debug;
		};
		1F1E9B3D280E0804005E9D00 /* Release */ = {
			isa = XCBuildConfiguration;
			baseConfigurationReference = 2AB74D33980095BD1D0693F8 /* SampleCode.xcconfig */;
			buildSettings = {
				ALWAYS_SEARCH_USER_PATHS = NO;
				CLANG_ANALYZER_NONNULL = YES;
				CLANG_ANALYZER_NUMBER_OBJECT_CONVERSION = YES_AGGRESSIVE;
				CLANG_CXX_LANGUAGE_STANDARD = "gnu++17";
				CLANG_ENABLE_MODULES = YES;
				CLANG_ENABLE_OBJC_ARC = YES;
				CLANG_ENABLE_OBJC_WEAK = YES;
				CLANG_WARN_BLOCK_CAPTURE_AUTORELEASING = YES;
				CLANG_WARN_BOOL_CONVERSION = YES;
				CLANG_WARN_COMMA = YES;
				CLANG_WARN_CONSTANT_CONVERSION = YES;
				CLANG_WARN_DEPRECATED_OBJC_IMPLEMENTATIONS = YES;
				CLANG_WARN_DIRECT_OBJC_ISA_USAGE = YES_ERROR;
				CLANG_WARN_DOCUMENTATION_COMMENTS = YES;
				CLANG_WARN_EMPTY_BODY = YES;
				CLANG_WARN_ENUM_CONVERSION = YES;
				CLANG_WARN_INFINITE_RECURSION = YES;
				CLANG_WARN_INT_CONVERSION = YES;
				CLANG_WARN_NON_LITERAL_NULL_CONVERSION = YES;
				CLANG_WARN_OBJC_IMPLICIT_RETAIN_SELF = YES;
				CLANG_WARN_OBJC_LITERAL_CONVERSION = YES;
				CLANG_WARN_OBJC_ROOT_CLASS = YES_ERROR;
				CLANG_WARN_QUOTED_INCLUDE_IN_FRAMEWORK_HEADER = YES;
				CLANG_WARN_RANGE_LOOP_ANALYSIS = YES;
				CLANG_WARN_STRICT_PROTOTYPES = YES;
				CLANG_WARN_SUSPICIOUS_MOVE = YES;
				CLANG_WARN_UNGUARDED_AVAILABILITY = YES_AGGRESSIVE;
				CLANG_WARN_UNREACHABLE_CODE = YES;
				CLANG_WARN__DUPLICATE_METHOD_MATCH = YES;
				COPY_PHASE_STRIP = NO;
				DEBUG_INFORMATION_FORMAT = "dwarf-with-dsym";
				ENABLE_NS_ASSERTIONS = NO;
				ENABLE_STRICT_OBJC_MSGSEND = YES;
				GCC_C_LANGUAGE_STANDARD = gnu11;
				GCC_NO_COMMON_BLOCKS = YES;
				GCC_WARN_64_TO_32_BIT_CONVERSION = YES;
				GCC_WARN_ABOUT_RETURN_TYPE = YES_ERROR;
				GCC_WARN_UNDECLARED_SELECTOR = YES;
				GCC_WARN_UNINITIALIZED_AUTOS = YES_AGGRESSIVE;
				GCC_WARN_UNUSED_FUNCTION = YES;
				GCC_WARN_UNUSED_VARIABLE = YES;
				IPHONEOS_DEPLOYMENT_TARGET = 16.0;
				MTL_ENABLE_DEBUG_INFO = NO;
				MTL_FAST_MATH = YES;
				SDKROOT = iphoneos;
				SWIFT_COMPILATION_MODE = wholemodule;
				SWIFT_OPTIMIZATION_LEVEL = "-O";
				VALIDATE_PRODUCT = YES;
			};
			name = Release;
		};
		1F1E9B3F280E0804005E9D00 /* Debug */ = {
			isa = XCBuildConfiguration;
			baseConfigurationReference = 2AB74D33980095BD1D0693F8 /* SampleCode.xcconfig */;
			buildSettings = {
				ASSETCATALOG_COMPILER_APPICON_NAME = AppIcon;
				ASSETCATALOG_COMPILER_GLOBAL_ACCENT_COLOR_NAME = AccentColor;
				CODE_SIGN_STYLE = Automatic;
				CURRENT_PROJECT_VERSION = 1;
				DEVELOPMENT_TEAM = "";
				GENERATE_INFOPLIST_FILE = YES;
				INFOPLIST_FILE = UseSwiftUIWithUIKit/Info.plist;
				INFOPLIST_KEY_UIApplicationSupportsIndirectInputEvents = YES;
				INFOPLIST_KEY_UILaunchStoryboardName = LaunchScreen;
				INFOPLIST_KEY_UIMainStoryboardFile = Main;
				INFOPLIST_KEY_UISupportedInterfaceOrientations_iPad = "UIInterfaceOrientationPortrait UIInterfaceOrientationPortraitUpsideDown UIInterfaceOrientationLandscapeLeft UIInterfaceOrientationLandscapeRight";
				INFOPLIST_KEY_UISupportedInterfaceOrientations_iPhone = "UIInterfaceOrientationPortrait UIInterfaceOrientationLandscapeLeft UIInterfaceOrientationLandscapeRight";
				LD_RUNPATH_SEARCH_PATHS = (
					"$(inherited)",
					"@executable_path/Frameworks",
				);
				MARKETING_VERSION = 1.0;
				PRODUCT_BUNDLE_IDENTIFIER = "com.example.apple-samplecode.SwiftUIInUIKit${SAMPLE_CODE_DISAMBIGUATOR}";
				PRODUCT_NAME = "$(TARGET_NAME)";
				PROVISIONING_PROFILE_SPECIFIER = "";
				SWIFT_EMIT_LOC_STRINGS = YES;
				SWIFT_VERSION = 5.0;
				TARGETED_DEVICE_FAMILY = "1,2";
			};
			name = Debug;
		};
		1F1E9B40280E0804005E9D00 /* Release */ = {
			isa = XCBuildConfiguration;
			baseConfigurationReference = 2AB74D33980095BD1D0693F8 /* SampleCode.xcconfig */;
			buildSettings = {
				ASSETCATALOG_COMPILER_APPICON_NAME = AppIcon;
				ASSETCATALOG_COMPILER_GLOBAL_ACCENT_COLOR_NAME = AccentColor;
				CODE_SIGN_STYLE = Automatic;
				CURRENT_PROJECT_VERSION = 1;
				DEVELOPMENT_TEAM = "";
				GENERATE_INFOPLIST_FILE = YES;
				INFOPLIST_FILE = UseSwiftUIWithUIKit/Info.plist;
				INFOPLIST_KEY_UIApplicationSupportsIndirectInputEvents = YES;
				INFOPLIST_KEY_UILaunchStoryboardName = LaunchScreen;
				INFOPLIST_KEY_UIMainStoryboardFile = Main;
				INFOPLIST_KEY_UISupportedInterfaceOrientations_iPad = "UIInterfaceOrientationPortrait UIInterfaceOrientationPortraitUpsideDown UIInterfaceOrientationLandscapeLeft UIInterfaceOrientationLandscapeRight";
				INFOPLIST_KEY_UISupportedInterfaceOrientations_iPhone = "UIInterfaceOrientationPortrait UIInterfaceOrientationLandscapeLeft UIInterfaceOrientationLandscapeRight";
				LD_RUNPATH_SEARCH_PATHS = (
					"$(inherited)",
					"@executable_path/Frameworks",
				);
				MARKETING_VERSION = 1.0;
				PRODUCT_BUNDLE_IDENTIFIER = "com.example.apple-samplecode.SwiftUIInUIKit${SAMPLE_CODE_DISAMBIGUATOR}";
				PRODUCT_NAME = "$(TARGET_NAME)";
				PROVISIONING_PROFILE_SPECIFIER = "";
				SWIFT_EMIT_LOC_STRINGS = YES;
				SWIFT_VERSION = 5.0;
				TARGETED_DEVICE_FAMILY = "1,2";
			};
			name = Release;
		};
/* End XCBuildConfiguration section */

/* Begin XCConfigurationList section */
		1F1E9B25280E0800005E9D00 /* Build configuration list for PBXProject "UseSwiftUIWithUIKit" */ = {
			isa = XCConfigurationList;
			buildConfigurations = (
				1F1E9B3C280E0804005E9D00 /* Debug */,
				1F1E9B3D280E0804005E9D00 /* Release */,
			);
			defaultConfigurationIsVisible = 0;
			defaultConfigurationName = Release;
		};
		1F1E9B3E280E0804005E9D00 /* Build configuration list for PBXNativeTarget "UseSwiftUIWithUIKit" */ = {
			isa = XCConfigurationList;
			buildConfigurations = (
				1F1E9B3F280E0804005E9D00 /* Debug */,
				1F1E9B40280E0804005E9D00 /* Release */,
			);
			defaultConfigurationIsVisible = 0;
			defaultConfigurationName = Release;
		};
/* End XCConfigurationList section */
	};
	rootObject = 1F1E9B22280E0800005E9D00 /* Project object */;
}
